
Microsoft Visual Studio Solution File, Format Version 12.00
# Visual Studio Version 17
VisualStudioVersion = 17.5.33424.131
MinimumVisualStudioVersion = 10.0.40219.1
Project("{FAE04EC0-301F-11D3-BF4B-00C04F79EFBC}") = "Calculator", "Calculator\Calculator.csproj", "{FBC26D87-372D-47F4-B7A2-E4C4EE17ED90}"
EndProject
Global
	GlobalSection(SolutionConfigurationPlatforms) = preSolution
		Debug|Any CPU = Debug|Any CPU
		Release|Any CPU = Release|Any CPU
	EndGlobalSection
	GlobalSection(ProjectConfigurationPlatforms) = postSolution
		{FBC26D87-372D-47F4-B7A2-E4C4EE17ED90}.Debug|Any CPU.ActiveCfg = Debug|Any CPU
		{FBC26D87-372D-47F4-B7A2-E4C4EE17ED90}.Debug|Any CPU.Build.0 = Debug|Any CPU
		{FBC26D87-372D-47F4-B7A2-E4C4EE17ED90}.Release|Any CPU.ActiveCfg = Release|Any CPU
		{FBC26D87-372D-47F4-B7A2-E4C4EE17ED90}.Release|Any CPU.Build.0 = Release|Any CPU
	EndGlobalSection
	GlobalSection(SolutionProperties) = preSolution
		HideSolutionNode = FALSE
	EndGlobalSection
	GlobalSection(ExtensibilityGlobals) = postSolution
		SolutionGuid = {9596646A-A42D-4AE4-B19D-AC00ABD89814}
	EndGlobalSection
EndGlobal
